{
  "requires": true,
  "lockfileVersion": 1,
  "dependencies": {
    "console-table-printer": {
      "version": "2.2.3",
      "resolved": "https://registry.npmjs.org/console-table-printer/-/console-table-printer-2.2.3.tgz",
      "integrity": "sha512-8dD8hWJH503YEC5LPeFMc+3EPoIqmRUJn6kg8oCrA1QiRbAyfon15JNdbPYhkvnICKOji+Pdqw2/9nfCKgQFDg=="
    }
  }
}
